// !$*UTF8*$!
{
	archiveVersion = 1;
	classes = {
	};
	objectVersion = 46;
	objects = {

/* Begin PBXBuildFile section */
		922CBF6F1C2A3A3C007DAFF8 /* blue.png in Resources */ = {isa = PBXBuildFile; fileRef = 922CBF6C1C2A3A3C007DAFF8 /* blue.png */; };
		922CBF701C2A3A3C007DAFF8 /* green.png in Resources */ = {isa = PBXBuildFile; fileRef = 922CBF6D1C2A3A3C007DAFF8 /* green.png */; };
		922CBF711C2A3A3C007DAFF8 /* orange.png in Resources */ = {isa = PBXBuildFile; fileRef = 922CBF6E1C2A3A3C007DAFF8 /* orange.png */; };
		922CD9ED1C2A1A24002D476C /* AppDelegate.swift in Sources */ = {isa = PBXBuildFile; fileRef = 922CD9EC1C2A1A24002D476C /* AppDelegate.swift */; };
		922CD9EF1C2A1A24002D476C /* ViewController.swift in Sources */ = {isa = PBXBuildFile; fileRef = 922CD9EE1C2A1A24002D476C /* ViewController.swift */; };
		922CD9F21C2A1A24002D476C /* Main.storyboard in Resources */ = {isa = PBXBuildFile; fileRef = 922CD9F01C2A1A24002D476C /* Main.storyboard */; };
		922CD9F41C2A1A24002D476C /* Assets.xcassets in Resources */ = {isa = PBXBuildFile; fileRef = 922CD9F31C2A1A24002D476C /* Assets.xcassets */; };
		922CD9F71C2A1A24002D476C /* LaunchScreen.storyboard in Resources */ = {isa = PBXBuildFile; fileRef = 922CD9F51C2A1A24002D476C /* LaunchScreen.storyboard */; };
		922CD9FF1C2A1B00002D476C /* BlueToothConnector.swift in Sources */ = {isa = PBXBuildFile; fileRef = 922CD9FE1C2A1B00002D476C /* BlueToothConnector.swift */; };
/* End PBXBuildFile section */

/* Begin PBXFileReference section */
		922CBF6C1C2A3A3C007DAFF8 /* blue.png */ = {isa = PBXFileReference; lastKnownFileType = image.png; path = blue.png; sourceTree = "<group>"; };
		922CBF6D1C2A3A3C007DAFF8 /* green.png */ = {isa = PBXFileReference; lastKnownFileType = image.png; path = green.png; sourceTree = "<group>"; };
		922CBF6E1C2A3A3C007DAFF8 /* orange.png */ = {isa = PBXFileReference; lastKnownFileType = image.png; path = orange.png; sourceTree = "<group>"; };
		922CD9E91C2A1A24002D476C /* colona-clone-master.app */ = {isa = PBXFileReference; explicitFileType = wrapper.application; includeInIndex = 0; path = "colona-clone-master.app"; sourceTree = BUILT_PRODUCTS_DIR; };
		922CD9EC1C2A1A24002D476C /* AppDelegate.swift */ = {isa = PBXFileReference; lastKnownFileType = sourcecode.swift; path = AppDelegate.swift; sourceTree = "<group>"; };
		922CD9EE1C2A1A24002D476C /* ViewController.swift */ = {isa = PBXFileReference; lastKnownFileType = sourcecode.swift; path = ViewController.swift; sourceTree = "<group>"; };
		922CD9F11C2A1A24002D476C /* Base */ = {isa = PBXFileReference; lastKnownFileType = file.storyboard; name = Base; path = Base.lproj/Main.storyboard; sourceTree = "<group>"; };
		922CD9F31C2A1A24002D476C /* Assets.xcassets */ = {isa = PBXFileReference; lastKnownFileType = folder.assetcatalog; path = Assets.xcassets; sourceTree = "<group>"; };
		922CD9F61C2A1A24002D476C /* Base */ = {isa = PBXFileReference; lastKnownFileType = file.storyboard; name = Base; path = Base.lproj/LaunchScreen.storyboard; sourceTree = "<group>"; };
		922CD9F81C2A1A24002D476C /* Info.plist */ = {isa = PBXFileReference; lastKnownFileType = text.plist.xml; path = Info.plist; sourceTree = "<group>"; };
		922CD9FE1C2A1B00002D476C /* BlueToothConnector.swift */ = {isa = PBXFileReference; fileEncoding = 4; lastKnownFileType = sourcecode.swift; path = BlueToothConnector.swift; sourceTree = "<group>"; };
/* End PBXFileReference section */

/* Begin PBXFrameworksBuildPhase section */
		922CD9E61C2A1A24002D476C /* Frameworks */ = {
			isa = PBXFrameworksBuildPhase;
			buildActionMask = 2147483647;
			files = (
			);
			runOnlyForDeploymentPostprocessing = 0;
		};
/* End PBXFrameworksBuildPhase section */

/* Begin PBXGroup section */
		922CD9E01C2A1A24002D476C = {
			isa = PBXGroup;
			children = (
				922CD9EB1C2A1A24002D476C /* colona-clone-master */,
				922CD9EA1C2A1A24002D476C /* Products */,
			);
			sourceTree = "<group>";
		};
		922CD9EA1C2A1A24002D476C /* Products */ = {
			isa = PBXGroup;
			children = (
				922CD9E91C2A1A24002D476C /* colona-clone-master.app */,
			);
			name = Products;
			sourceTree = "<group>";
		};
		922CD9EB1C2A1A24002D476C /* colona-clone-master */ = {
			isa = PBXGroup;
			children = (
				922CBF6C1C2A3A3C007DAFF8 /* blue.png */,
				922CBF6D1C2A3A3C007DAFF8 /* green.png */,
				922CBF6E1C2A3A3C007DAFF8 /* orange.png */,
				922CD9EC1C2A1A24002D476C /* AppDelegate.swift */,
				922CD9EE1C2A1A24002D476C /* ViewController.swift */,
				922CD9F01C2A1A24002D476C /* Main.storyboard */,
				922CD9F31C2A1A24002D476C /* Assets.xcassets */,
				922CD9F51C2A1A24002D476C /* LaunchScreen.storyboard */,
				922CD9F81C2A1A24002D476C /* Info.plist */,
				922CD9FE1C2A1B00002D476C /* BlueToothConnector.swift */,
			);
			path = "colona-clone-master";
			sourceTree = "<group>";
		};
/* End PBXGroup section */

/* Begin PBXNativeTarget section */
		922CD9E81C2A1A24002D476C /* colona-clone-master */ = {
			isa = PBXNativeTarget;
			buildConfigurationList = 922CD9FB1C2A1A24002D476C /* Build configuration list for PBXNativeTarget "colona-clone-master" */;
			buildPhases = (
				922CD9E51C2A1A24002D476C /* Sources */,
				922CD9E61C2A1A24002D476C /* Frameworks */,
				922CD9E71C2A1A24002D476C /* Resources */,
			);
			buildRules = (
			);
			dependencies = (
			);
			name = "colona-clone-master";
			productName = "colona-clone-master";
			productReference = 922CD9E91C2A1A24002D476C /* colona-clone-master.app */;
			productType = "com.apple.product-type.application";
		};
/* End PBXNativeTarget section */

/* Begin PBXProject section */
		922CD9E11C2A1A24002D476C /* Project object */ = {
			isa = PBXProject;
			attributes = {
				LastSwiftUpdateCheck = 0720;
				LastUpgradeCheck = 0720;
				ORGANIZATIONNAME = ota42y;
				TargetAttributes = {
					922CD9E81C2A1A24002D476C = {
						CreatedOnToolsVersion = 7.2;
						DevelopmentTeam = TH3XG2NXVX;
					};
				};
			};
			buildConfigurationList = 922CD9E41C2A1A24002D476C /* Build configuration list for PBXProject "colona-clone-master" */;
			compatibilityVersion = "Xcode 3.2";
			developmentRegion = English;
			hasScannedForEncodings = 0;
			knownRegions = (
				en,
				Base,
			);
			mainGroup = 922CD9E01C2A1A24002D476C;
			productRefGroup = 922CD9EA1C2A1A24002D476C /* Products */;
			projectDirPath = "";
			projectRoot = "";
			targets = (
				922CD9E81C2A1A24002D476C /* colona-clone-master */,
			);
		};
/* End PBXProject section */

/* Begin PBXResourcesBuildPhase section */
		922CD9E71C2A1A24002D476C /* Resources */ = {
			isa = PBXResourcesBuildPhase;
			buildActionMask = 2147483647;
			files = (
				922CD9F71C2A1A24002D476C /* LaunchScreen.storyboard in Resources */,
				922CD9F41C2A1A24002D476C /* Assets.xcassets in Resources */,
				922CBF701C2A3A3C007DAFF8 /* green.png in Resources */,
				922CD9F21C2A1A24002D476C /* Main.storyboard in Resources */,
				922CBF6F1C2A3A3C007DAFF8 /* blue.png in Resources */,
				922CBF711C2A3A3C007DAFF8 /* orange.png in Resources */,
			);
			runOnlyForDeploymentPostprocessing = 0;
		};
/* End PBXResourcesBuildPhase section */

/* Begin PBXSourcesBuildPhase section */
		922CD9E51C2A1A24002D476C /* Sources */ = {
			isa = PBXSourcesBuildPhase;
			buildActionMask = 2147483647;
			files = (
				922CD9EF1C2A1A24002D476C /* ViewController.swift in Sources */,
				922CD9FF1C2A1B00002D476C /* BlueToothConnector.swift in Sources */,
				922CD9ED1C2A1A24002D476C /* AppDelegate.swift in Sources */,
			);
			runOnlyForDeploymentPostprocessing = 0;
		};
/* End PBXSourcesBuildPhase section */

/* Begin PBXVariantGroup section */
		922CD9F01C2A1A24002D476C /* Main.storyboard */ = {
			isa = PBXVariantGroup;
			children = (
				922CD9F11C2A1A24002D476C /* Base */,
			);
			name = Main.storyboard;
			sourceTree = "<group>";
		};
		922CD9F51C2A1A24002D476C /* LaunchScreen.storyboard */ = {
			isa = PBXVariantGroup;
			children = (
				922CD9F61C2A1A24002D476C /* Base */,
			);
			name = LaunchScreen.storyboard;
			sourceTree = "<group>";
		};
/* End PBXVariantGroup section */

/* Begin XCBuildConfiguration section */
		922CD9F91C2A1A24002D476C /* Debug */ = {
			isa = XCBuildConfiguration;
			buildSettings = {
				ALWAYS_SEARCH_USER_PATHS = NO;
				CLANG_CXX_LANGUAGE_STANDARD = "gnu++0x";
				CLANG_CXX_LIBRARY = "libc++";
				CLANG_ENABLE_MODULES = YES;
				CLANG_ENABLE_OBJC_ARC = YES;
				CLANG_WARN_BOOL_CONVERSION = YES;
				CLANG_WARN_CONSTANT_CONVERSION = YES;
				CLANG_WARN_DIRECT_OBJC_ISA_USAGE = YES_ERROR;
				CLANG_WARN_EMPTY_BODY = YES;
				CLANG_WARN_ENUM_CONVERSION = YES;
				CLANG_WARN_INT_CONVERSION = YES;
				CLANG_WARN_OBJC_ROOT_CLASS = YES_ERROR;
				CLANG_WARN_UNREACHABLE_CODE = YES;
				CLANG_WARN__DUPLICATE_METHOD_MATCH = YES;
				"CODE_SIGN_IDENTITY[sdk=iphoneos*]" = "iPhone Developer";
				COPY_PHASE_STRIP = NO;
				DEBUG_INFORMATION_FORMAT = dwarf;
				ENABLE_STRICT_OBJC_MSGSEND = YES;
				ENABLE_TESTABILITY = YES;
				GCC_C_LANGUAGE_STANDARD = gnu99;
				GCC_DYNAMIC_NO_PIC = NO;
				GCC_NO_COMMON_BLOCKS = YES;
				GCC_OPTIMIZATION_LEVEL = 0;
				GCC_PREPROCESSOR_DEFINITIONS = (
					"DEBUG=1",
					"$(inherited)",
				);
				GCC_WARN_64_TO_32_BIT_CONVERSION = YES;
				GCC_WARN_ABOUT_RETURN_TYPE = YES_ERROR;
				GCC_WARN_UNDECLARED_SELECTOR = YES;
				GCC_WARN_UNINITIALIZED_AUTOS = YES_AGGRESSIVE;
				GCC_WARN_UNUSED_FUNCTION = YES;
				GCC_WARN_UNUSED_VARIABLE = YES;
				IPHONEOS_DEPLOYMENT_TARGET = 9.2;
				MTL_ENABLE_DEBUG_INFO = YES;
				ONLY_ACTIVE_ARCH = YES;
				SDKROOT = iphoneos;
				SWIFT_OPTIMIZATION_LEVEL = "-Onone";
				TARGETED_DEVICE_FAMILY = "1,2";
			};
			name = Debug;
		};
		922CD9FA1C2A1A24002D476C /* Release */ = {
			isa = XCBuildConfiguration;
			buildSettings = {
				ALWAYS_SEARCH_USER_PATHS = NO;
				CLANG_CXX_LANGUAGE_STANDARD = "gnu++0x";
				CLANG_CXX_LIBRARY = "libc++";
				CLANG_ENABLE_MODULES = YES;
				CLANG_ENABLE_OBJC_ARC = YES;
				CLANG_WARN_BOOL_CONVERSION = YES;
				CLANG_WARN_CONSTANT_CONVERSION = YES;
				CLANG_WARN_DIRECT_OBJC_ISA_USAGE = YES_ERROR;
				CLANG_WARN_EMPTY_BODY = YES;
				CLANG_WARN_ENUM_CONVERSION = YES;
				CLANG_WARN_INT_CONVERSION = YES;
				CLANG_WARN_OBJC_ROOT_CLASS = YES_ERROR;
				CLANG_WARN_UNREACHABLE_CODE = YES;
				CLANG_WARN__DUPLICATE_METHOD_MATCH = YES;
				"CODE_SIGN_IDENTITY[sdk=iphoneos*]" = "iPhone Developer";
				COPY_PHASE_STRIP = NO;
				DEBUG_INFORMATION_FORMAT = "dwarf-with-dsym";
				ENABLE_NS_ASSERTIONS = NO;
				ENABLE_STRICT_OBJC_MSGSEND = YES;
				GCC_C_LANGUAGE_STANDARD = gnu99;
				GCC_NO_COMMON_BLOCKS = YES;
				GCC_WARN_64_TO_32_BIT_CONVERSION = YES;
				GCC_WARN_ABOUT_RETURN_TYPE = YES_ERROR;
				GCC_WARN_UNDECLARED_SELECTOR = YES;
				GCC_WARN_UNINITIALIZED_AUTOS = YES_AGGRESSIVE;
				GCC_WARN_UNUSED_FUNCTION = YES;
				GCC_WARN_UNUSED_VARIABLE = YES;
				IPHONEOS_DEPLOYMENT_TARGET = 9.2;
				MTL_ENABLE_DEBUG_INFO = NO;
				SDKROOT = iphoneos;
				TARGETED_DEVICE_FAMILY = "1,2";
				VALIDATE_PRODUCT = YES;
			};
			name = Release;
		};
		922CD9FC1C2A1A24002D476C /* Debug */ = {
			isa = XCBuildConfiguration;
			buildSettings = {
				ASSETCATALOG_COMPILER_APPICON_NAME = AppIcon;
				CODE_SIGN_IDENTITY = "iPhone Developer";
				INFOPLIST_FILE = "colona-clone-master/Info.plist";
				IPHONEOS_DEPLOYMENT_TARGET = 7.1;
				LD_RUNPATH_SEARCH_PATHS = "$(inherited) @executable_path/Frameworks";
				PRODUCT_BUNDLE_IDENTIFIER = "com.ota42y.colona-clone-master";
				PRODUCT_NAME = "$(TARGET_NAME)";
			};
			name = Debug;
		};
		922CD9FD1C2A1A24002D476C /* Release */ = {
			isa = XCBuildConfiguration;
			buildSettings = {
				ASSETCATALOG_COMPILER_APPICON_NAME = AppIcon;
				CODE_SIGN_IDENTITY = "iPhone Developer";
				INFOPLIST_FILE = "colona-clone-master/Info.plist";
				IPHONEOS_DEPLOYMENT_TARGET = 7.1;
				LD_RUNPATH_SEARCH_PATHS = "$(inherited) @executable_path/Frameworks";
				PRODUCT_BUNDLE_IDENTIFIER = "com.ota42y.colona-clone-master";
				PRODUCT_NAME = "$(TARGET_NAME)";
			};
			name = Release;
		};
/* End XCBuildConfiguration section */

/* Begin XCConfigurationList section */
		922CD9E41C2A1A24002D476C /* Build configuration list for PBXProject "colona-clone-master" */ = {
			isa = XCConfigurationList;
			buildConfigurations = (
				922CD9F91C2A1A24002D476C /* Debug */,
				922CD9FA1C2A1A24002D476C /* Release */,
			);
			defaultConfigurationIsVisible = 0;
			defaultConfigurationName = Release;
		};
		922CD9FB1C2A1A24002D476C /* Build configuration list for PBXNativeTarget "colona-clone-master" */ = {
			isa = XCConfigurationList;
			buildConfigurations = (
				922CD9FC1C2A1A24002D476C /* Debug */,
				922CD9FD1C2A1A24002D476C /* Release */,
			);
			defaultConfigurationIsVisible = 0;
			defaultConfigurationName = Release;
		};
/* End XCConfigurationList section */
	};
	rootObject = 922CD9E11C2A1A24002D476C /* Project object */;
}
